
Microsoft Visual Studio Solution File, Format Version 12.00
# Visual Studio 15
VisualStudioVersion = 15.0.28307.421
MinimumVisualStudioVersion = 10.0.40219.1
Project("{2150E333-8FDC-42A3-9474-1A3956D46DE8}") = "Foundation", "Foundation", "{7FA59544-1FB1-455D-940C-1DFFEB73945A}"
EndProject
Project("{2150E333-8FDC-42A3-9474-1A3956D46DE8}") = "SitecoreExtensions", "SitecoreExtensions", "{407876A1-DAF9-4D74-A271-2A952EC9CC64}"
EndProject
Project("{FAE04EC0-301F-11D3-BF4B-00C04F79EFBC}") = "Pintle.Foundation.SitecoreExtensions", "src\Foundation\SitecoreExtensions\code\Pintle.Foundation.SitecoreExtensions.csproj", "{C51B027E-B14B-4C0A-8BCB-FD6EBD5574C1}"
EndProject
Project("{2150E333-8FDC-42A3-9474-1A3956D46DE8}") = ".solution items", ".solution items", "{D1FFDB72-FD1F-4C0E-BA2D-D75E68A38E0C}"
	ProjectSection(SolutionItems) = preProject
		gulpfile.config.Debug.Example.json = gulpfile.config.Debug.Example.json
		gulpfile.config.Debug.json = gulpfile.config.Debug.json
		gulpfile.js = gulpfile.js
		codegen\xWrapCodeGeneration.tt = codegen\xWrapCodeGeneration.tt
	EndProjectSection
EndProject
Project("{2150E333-8FDC-42A3-9474-1A3956D46DE8}") = "Project", "Project", "{1A8180F4-BDA8-42AE-84A5-B92B28DE53D6}"
EndProject
Project("{2150E333-8FDC-42A3-9474-1A3956D46DE8}") = "Environment", "Environment", "{757F6F21-2C62-46D1-A497-3A1F0AFF50AA}"
EndProject
Project("{FAE04EC0-301F-11D3-BF4B-00C04F79EFBC}") = "Pintle.Project.Environment", "src\Project\Pintle.Project.Environment\code\Pintle.Project.Environment.csproj", "{FC0214A8-CB6B-480F-B57D-191E9DF25B45}"
EndProject
Project("{2150E333-8FDC-42A3-9474-1A3956D46DE8}") = "Website", "Website", "{A7840EF0-1856-4440-B62F-954AD45F42DE}"
EndProject
Project("{FAE04EC0-301F-11D3-BF4B-00C04F79EFBC}") = "XwrapDemo.Project.Website", "src\Project\Website\code\XwrapDemo.Project.Website.csproj", "{98292560-32BE-4D1D-9BE9-42E2F200ADF1}"
EndProject
Project("{2150E333-8FDC-42A3-9474-1A3956D46DE8}") = "Feature", "Feature", "{ECD71886-F1C7-4973-8A67-D1B408DDAB75}"
EndProject
Project("{2150E333-8FDC-42A3-9474-1A3956D46DE8}") = "Metadata", "Metadata", "{D6DA4CEB-D409-4368-AA43-4A4DFF358819}"
EndProject
Project("{FAE04EC0-301F-11D3-BF4B-00C04F79EFBC}") = "Pintle.Feature.Metadata", "src\Feature\Metadata\code\Pintle.Feature.Metadata.csproj", "{89803C03-FB17-4D01-82A4-5868F509213A}"
EndProject
Project("{2150E333-8FDC-42A3-9474-1A3956D46DE8}") = "Navigation", "Navigation", "{421CB5AB-C365-48D3-B93C-4A5419FF7FA3}"
EndProject
Project("{FAE04EC0-301F-11D3-BF4B-00C04F79EFBC}") = "Pintle.Feature.Navigation", "src\Feature\Navigation\code\Pintle.Feature.Navigation.csproj", "{8202ACBD-0C59-4E2D-92D4-547777FFE675}"
EndProject
Project("{2150E333-8FDC-42A3-9474-1A3956D46DE8}") = "PageContent", "PageContent", "{F24DF187-7B8E-4BE2-A571-503D77CA0E33}"
EndProject
Project("{FAE04EC0-301F-11D3-BF4B-00C04F79EFBC}") = "Pintle.Feature.PageContent", "src\Feature\PageContent\code\Pintle.Feature.PageContent.csproj", "{9B54D32A-4316-42A6-8DC1-0F823D460892}"
EndProject
Global
	GlobalSection(SolutionConfigurationPlatforms) = preSolution
		Debug|Any CPU = Debug|Any CPU
		Prod.CD|Any CPU = Prod.CD|Any CPU
		Prod.CM|Any CPU = Prod.CM|Any CPU
		Release|Any CPU = Release|Any CPU
		Staging|Any CPU = Staging|Any CPU
		Test.CD|Any CPU = Test.CD|Any CPU
		Test.CM|Any CPU = Test.CM|Any CPU
	EndGlobalSection
	GlobalSection(ProjectConfigurationPlatforms) = postSolution
		{C51B027E-B14B-4C0A-8BCB-FD6EBD5574C1}.Debug|Any CPU.ActiveCfg = Debug|Any CPU
		{C51B027E-B14B-4C0A-8BCB-FD6EBD5574C1}.Debug|Any CPU.Build.0 = Debug|Any CPU
		{C51B027E-B14B-4C0A-8BCB-FD6EBD5574C1}.Prod.CD|Any CPU.ActiveCfg = Release|Any CPU
		{C51B027E-B14B-4C0A-8BCB-FD6EBD5574C1}.Prod.CD|Any CPU.Build.0 = Release|Any CPU
		{C51B027E-B14B-4C0A-8BCB-FD6EBD5574C1}.Prod.CM|Any CPU.ActiveCfg = Release|Any CPU
		{C51B027E-B14B-4C0A-8BCB-FD6EBD5574C1}.Prod.CM|Any CPU.Build.0 = Release|Any CPU
		{C51B027E-B14B-4C0A-8BCB-FD6EBD5574C1}.Release|Any CPU.ActiveCfg = Release|Any CPU
		{C51B027E-B14B-4C0A-8BCB-FD6EBD5574C1}.Release|Any CPU.Build.0 = Release|Any CPU
		{C51B027E-B14B-4C0A-8BCB-FD6EBD5574C1}.Staging|Any CPU.ActiveCfg = Release|Any CPU
		{C51B027E-B14B-4C0A-8BCB-FD6EBD5574C1}.Staging|Any CPU.Build.0 = Release|Any CPU
		{C51B027E-B14B-4C0A-8BCB-FD6EBD5574C1}.Test.CD|Any CPU.ActiveCfg = Release|Any CPU
		{C51B027E-B14B-4C0A-8BCB-FD6EBD5574C1}.Test.CD|Any CPU.Build.0 = Release|Any CPU
		{C51B027E-B14B-4C0A-8BCB-FD6EBD5574C1}.Test.CM|Any CPU.ActiveCfg = Release|Any CPU
		{C51B027E-B14B-4C0A-8BCB-FD6EBD5574C1}.Test.CM|Any CPU.Build.0 = Release|Any CPU
		{FC0214A8-CB6B-480F-B57D-191E9DF25B45}.Debug|Any CPU.ActiveCfg = Debug|Any CPU
		{FC0214A8-CB6B-480F-B57D-191E9DF25B45}.Debug|Any CPU.Build.0 = Debug|Any CPU
		{FC0214A8-CB6B-480F-B57D-191E9DF25B45}.Prod.CD|Any CPU.ActiveCfg = Release|Any CPU
		{FC0214A8-CB6B-480F-B57D-191E9DF25B45}.Prod.CD|Any CPU.Build.0 = Release|Any CPU
		{FC0214A8-CB6B-480F-B57D-191E9DF25B45}.Prod.CM|Any CPU.ActiveCfg = Release|Any CPU
		{FC0214A8-CB6B-480F-B57D-191E9DF25B45}.Prod.CM|Any CPU.Build.0 = Release|Any CPU
		{FC0214A8-CB6B-480F-B57D-191E9DF25B45}.Release|Any CPU.ActiveCfg = Release|Any CPU
		{FC0214A8-CB6B-480F-B57D-191E9DF25B45}.Release|Any CPU.Build.0 = Release|Any CPU
		{FC0214A8-CB6B-480F-B57D-191E9DF25B45}.Staging|Any CPU.ActiveCfg = Release|Any CPU
		{FC0214A8-CB6B-480F-B57D-191E9DF25B45}.Staging|Any CPU.Build.0 = Release|Any CPU
		{FC0214A8-CB6B-480F-B57D-191E9DF25B45}.Test.CD|Any CPU.ActiveCfg = Release|Any CPU
		{FC0214A8-CB6B-480F-B57D-191E9DF25B45}.Test.CD|Any CPU.Build.0 = Release|Any CPU
		{FC0214A8-CB6B-480F-B57D-191E9DF25B45}.Test.CM|Any CPU.ActiveCfg = Release|Any CPU
		{FC0214A8-CB6B-480F-B57D-191E9DF25B45}.Test.CM|Any CPU.Build.0 = Release|Any CPU
		{98292560-32BE-4D1D-9BE9-42E2F200ADF1}.Debug|Any CPU.ActiveCfg = Debug|Any CPU
		{98292560-32BE-4D1D-9BE9-42E2F200ADF1}.Debug|Any CPU.Build.0 = Debug|Any CPU
		{98292560-32BE-4D1D-9BE9-42E2F200ADF1}.Prod.CD|Any CPU.ActiveCfg = Release|Any CPU
		{98292560-32BE-4D1D-9BE9-42E2F200ADF1}.Prod.CD|Any CPU.Build.0 = Release|Any CPU
		{98292560-32BE-4D1D-9BE9-42E2F200ADF1}.Prod.CM|Any CPU.ActiveCfg = Release|Any CPU
		{98292560-32BE-4D1D-9BE9-42E2F200ADF1}.Prod.CM|Any CPU.Build.0 = Release|Any CPU
		{98292560-32BE-4D1D-9BE9-42E2F200ADF1}.Release|Any CPU.ActiveCfg = Release|Any CPU
		{98292560-32BE-4D1D-9BE9-42E2F200ADF1}.Release|Any CPU.Build.0 = Release|Any CPU
		{98292560-32BE-4D1D-9BE9-42E2F200ADF1}.Staging|Any CPU.ActiveCfg = Release|Any CPU
		{98292560-32BE-4D1D-9BE9-42E2F200ADF1}.Staging|Any CPU.Build.0 = Release|Any CPU
		{98292560-32BE-4D1D-9BE9-42E2F200ADF1}.Test.CD|Any CPU.ActiveCfg = Release|Any CPU
		{98292560-32BE-4D1D-9BE9-42E2F200ADF1}.Test.CD|Any CPU.Build.0 = Release|Any CPU
		{98292560-32BE-4D1D-9BE9-42E2F200ADF1}.Test.CM|Any CPU.ActiveCfg = Release|Any CPU
		{98292560-32BE-4D1D-9BE9-42E2F200ADF1}.Test.CM|Any CPU.Build.0 = Release|Any CPU
		{89803C03-FB17-4D01-82A4-5868F509213A}.Debug|Any CPU.ActiveCfg = Debug|Any CPU
		{89803C03-FB17-4D01-82A4-5868F509213A}.Debug|Any CPU.Build.0 = Debug|Any CPU
		{89803C03-FB17-4D01-82A4-5868F509213A}.Prod.CD|Any CPU.ActiveCfg = Release|Any CPU
		{89803C03-FB17-4D01-82A4-5868F509213A}.Prod.CD|Any CPU.Build.0 = Release|Any CPU
		{89803C03-FB17-4D01-82A4-5868F509213A}.Prod.CM|Any CPU.ActiveCfg = Release|Any CPU
		{89803C03-FB17-4D01-82A4-5868F509213A}.Prod.CM|Any CPU.Build.0 = Release|Any CPU
		{89803C03-FB17-4D01-82A4-5868F509213A}.Release|Any CPU.ActiveCfg = Release|Any CPU
		{89803C03-FB17-4D01-82A4-5868F509213A}.Release|Any CPU.Build.0 = Release|Any CPU
		{89803C03-FB17-4D01-82A4-5868F509213A}.Staging|Any CPU.ActiveCfg = Release|Any CPU
		{89803C03-FB17-4D01-82A4-5868F509213A}.Staging|Any CPU.Build.0 = Release|Any CPU
		{89803C03-FB17-4D01-82A4-5868F509213A}.Test.CD|Any CPU.ActiveCfg = Release|Any CPU
		{89803C03-FB17-4D01-82A4-5868F509213A}.Test.CD|Any CPU.Build.0 = Release|Any CPU
		{89803C03-FB17-4D01-82A4-5868F509213A}.Test.CM|Any CPU.ActiveCfg = Release|Any CPU
		{89803C03-FB17-4D01-82A4-5868F509213A}.Test.CM|Any CPU.Build.0 = Release|Any CPU
		{8202ACBD-0C59-4E2D-92D4-547777FFE675}.Debug|Any CPU.ActiveCfg = Debug|Any CPU
		{8202ACBD-0C59-4E2D-92D4-547777FFE675}.Debug|Any CPU.Build.0 = Debug|Any CPU
		{8202ACBD-0C59-4E2D-92D4-547777FFE675}.Prod.CD|Any CPU.ActiveCfg = Release|Any CPU
		{8202ACBD-0C59-4E2D-92D4-547777FFE675}.Prod.CD|Any CPU.Build.0 = Release|Any CPU
		{8202ACBD-0C59-4E2D-92D4-547777FFE675}.Prod.CM|Any CPU.ActiveCfg = Release|Any CPU
		{8202ACBD-0C59-4E2D-92D4-547777FFE675}.Prod.CM|Any CPU.Build.0 = Release|Any CPU
		{8202ACBD-0C59-4E2D-92D4-547777FFE675}.Release|Any CPU.ActiveCfg = Release|Any CPU
		{8202ACBD-0C59-4E2D-92D4-547777FFE675}.Release|Any CPU.Build.0 = Release|Any CPU
		{8202ACBD-0C59-4E2D-92D4-547777FFE675}.Staging|Any CPU.ActiveCfg = Release|Any CPU
		{8202ACBD-0C59-4E2D-92D4-547777FFE675}.Staging|Any CPU.Build.0 = Release|Any CPU
		{8202ACBD-0C59-4E2D-92D4-547777FFE675}.Test.CD|Any CPU.ActiveCfg = Release|Any CPU
		{8202ACBD-0C59-4E2D-92D4-547777FFE675}.Test.CD|Any CPU.Build.0 = Release|Any CPU
		{8202ACBD-0C59-4E2D-92D4-547777FFE675}.Test.CM|Any CPU.ActiveCfg = Release|Any CPU
		{8202ACBD-0C59-4E2D-92D4-547777FFE675}.Test.CM|Any CPU.Build.0 = Release|Any CPU
		{9B54D32A-4316-42A6-8DC1-0F823D460892}.Debug|Any CPU.ActiveCfg = Debug|Any CPU
		{9B54D32A-4316-42A6-8DC1-0F823D460892}.Debug|Any CPU.Build.0 = Debug|Any CPU
		{9B54D32A-4316-42A6-8DC1-0F823D460892}.Prod.CD|Any CPU.ActiveCfg = Release|Any CPU
		{9B54D32A-4316-42A6-8DC1-0F823D460892}.Prod.CD|Any CPU.Build.0 = Release|Any CPU
		{9B54D32A-4316-42A6-8DC1-0F823D460892}.Prod.CM|Any CPU.ActiveCfg = Release|Any CPU
		{9B54D32A-4316-42A6-8DC1-0F823D460892}.Prod.CM|Any CPU.Build.0 = Release|Any CPU
		{9B54D32A-4316-42A6-8DC1-0F823D460892}.Release|Any CPU.ActiveCfg = Release|Any CPU
		{9B54D32A-4316-42A6-8DC1-0F823D460892}.Release|Any CPU.Build.0 = Release|Any CPU
		{9B54D32A-4316-42A6-8DC1-0F823D460892}.Staging|Any CPU.ActiveCfg = Release|Any CPU
		{9B54D32A-4316-42A6-8DC1-0F823D460892}.Staging|Any CPU.Build.0 = Release|Any CPU
		{9B54D32A-4316-42A6-8DC1-0F823D460892}.Test.CD|Any CPU.ActiveCfg = Release|Any CPU
		{9B54D32A-4316-42A6-8DC1-0F823D460892}.Test.CD|Any CPU.Build.0 = Release|Any CPU
		{9B54D32A-4316-42A6-8DC1-0F823D460892}.Test.CM|Any CPU.ActiveCfg = Release|Any CPU
		{9B54D32A-4316-42A6-8DC1-0F823D460892}.Test.CM|Any CPU.Build.0 = Release|Any CPU
	EndGlobalSection
	GlobalSection(SolutionProperties) = preSolution
		HideSolutionNode = FALSE
	EndGlobalSection
	GlobalSection(NestedProjects) = preSolution
		{407876A1-DAF9-4D74-A271-2A952EC9CC64} = {7FA59544-1FB1-455D-940C-1DFFEB73945A}
		{C51B027E-B14B-4C0A-8BCB-FD6EBD5574C1} = {407876A1-DAF9-4D74-A271-2A952EC9CC64}
		{757F6F21-2C62-46D1-A497-3A1F0AFF50AA} = {1A8180F4-BDA8-42AE-84A5-B92B28DE53D6}
		{FC0214A8-CB6B-480F-B57D-191E9DF25B45} = {757F6F21-2C62-46D1-A497-3A1F0AFF50AA}
		{A7840EF0-1856-4440-B62F-954AD45F42DE} = {1A8180F4-BDA8-42AE-84A5-B92B28DE53D6}
		{98292560-32BE-4D1D-9BE9-42E2F200ADF1} = {A7840EF0-1856-4440-B62F-954AD45F42DE}
		{D6DA4CEB-D409-4368-AA43-4A4DFF358819} = {ECD71886-F1C7-4973-8A67-D1B408DDAB75}
		{89803C03-FB17-4D01-82A4-5868F509213A} = {D6DA4CEB-D409-4368-AA43-4A4DFF358819}
		{421CB5AB-C365-48D3-B93C-4A5419FF7FA3} = {ECD71886-F1C7-4973-8A67-D1B408DDAB75}
		{8202ACBD-0C59-4E2D-92D4-547777FFE675} = {421CB5AB-C365-48D3-B93C-4A5419FF7FA3}
		{F24DF187-7B8E-4BE2-A571-503D77CA0E33} = {ECD71886-F1C7-4973-8A67-D1B408DDAB75}
		{9B54D32A-4316-42A6-8DC1-0F823D460892} = {F24DF187-7B8E-4BE2-A571-503D77CA0E33}
	EndGlobalSection
	GlobalSection(ExtensibilityGlobals) = postSolution
		SolutionGuid = {523E1E2A-94E2-47A6-AF42-BAA29E1A5317}
	EndGlobalSection
EndGlobal
